
Microsoft Visual Studio Solution File, Format Version 12.00
# Visual Studio Version 17
VisualStudioVersion = 17.7.34202.233
MinimumVisualStudioVersion = 10.0.40219.1
Project("{FAE04EC0-301F-11D3-BF4B-00C04F79EFBC}") = "StorageFullAlert", "StorageFullAlert\StorageFullAlert.csproj", "{CF9AB329-47CF-48B4-B1E3-E24757C9D27E}"
EndProject
Global
	GlobalSection(SolutionConfigurationPlatforms) = preSolution
		Debug|Any CPU = Debug|Any CPU
		Release|Any CPU = Release|Any CPU
	EndGlobalSection
	GlobalSection(ProjectConfigurationPlatforms) = postSolution
		{CF9AB329-47CF-48B4-B1E3-E24757C9D27E}.Debug|Any CPU.ActiveCfg = Debug|Any CPU
		{CF9AB329-47CF-48B4-B1E3-E24757C9D27E}.Debug|Any CPU.Build.0 = Debug|Any CPU
		{CF9AB329-47CF-48B4-B1E3-E24757C9D27E}.Release|Any CPU.ActiveCfg = Release|Any CPU
		{CF9AB329-47CF-48B4-B1E3-E24757C9D27E}.Release|Any CPU.Build.0 = Release|Any CPU
	EndGlobalSection
	GlobalSection(SolutionProperties) = preSolution
		HideSolutionNode = FALSE
	EndGlobalSection
	GlobalSection(ExtensibilityGlobals) = postSolution
		SolutionGuid = {A5116E75-4C19-4538-9230-4EE7EF9A2C4C}
	EndGlobalSection
EndGlobal
